Microsoft Visual Studio Solution File, Format Version 12.00
# Visual Studio Version 17
VisualStudioVersion = 17.5.2.0
MinimumVisualStudioVersion = 10.0.40219.1
Project("{FAE04EC0-301F-11D3-BF4B-00C04F79EFBC}") = "SampleApp_AppService", "SampleApp_AppService\SampleApp_AppService.csproj", "{A165949B-B351-20FF-0983-9D7603D0E9B3}"
EndProject
Global
	GlobalSection(SolutionConfigurationPlatforms) = preSolution
		Debug|Any CPU = Debug|Any CPU
		Release|Any CPU = Release|Any CPU
	EndGlobalSection
	GlobalSection(ProjectConfigurationPlatforms) = postSolution
		{A165949B-B351-20FF-0983-9D7603D0E9B3}.Debug|Any CPU.ActiveCfg = Debug|Any CPU
		{A165949B-B351-20FF-0983-9D7603D0E9B3}.Debug|Any CPU.Build.0 = Debug|Any CPU
		{A165949B-B351-20FF-0983-9D7603D0E9B3}.Release|Any CPU.ActiveCfg = Release|Any CPU
		{A165949B-B351-20FF-0983-9D7603D0E9B3}.Release|Any CPU.Build.0 = Release|Any CPU
	EndGlobalSection
	GlobalSection(SolutionProperties) = preSolution
		HideSolutionNode = FALSE
	EndGlobalSection
	GlobalSection(ExtensibilityGlobals) = postSolution
		SolutionGuid = {A6402924-6422-4FC9-9F65-ED1B86339494}
	EndGlobalSection
EndGlobal
