Microsoft Visual Studio Solution File, Format Version 12.00
# Visual Studio Version 17
VisualStudioVersion = 17.5.2.0
MinimumVisualStudioVersion = 10.0.40219.1
Project("{FAE04EC0-301F-11D3-BF4B-00C04F79EFBC}") = "HospitalAppointments", "HospitalAppointments\HospitalAppointments.csproj", "{FB99FD66-9C3A-109C-45B2-472ED67DBDDB}"
EndProject
Global
	GlobalSection(SolutionConfigurationPlatforms) = preSolution
		Debug|Any CPU = Debug|Any CPU
		Release|Any CPU = Release|Any CPU
	EndGlobalSection
	GlobalSection(ProjectConfigurationPlatforms) = postSolution
		{FB99FD66-9C3A-109C-45B2-472ED67DBDDB}.Debug|Any CPU.ActiveCfg = Debug|Any CPU
		{FB99FD66-9C3A-109C-45B2-472ED67DBDDB}.Debug|Any CPU.Build.0 = Debug|Any CPU
		{FB99FD66-9C3A-109C-45B2-472ED67DBDDB}.Release|Any CPU.ActiveCfg = Release|Any CPU
		{FB99FD66-9C3A-109C-45B2-472ED67DBDDB}.Release|Any CPU.Build.0 = Release|Any CPU
	EndGlobalSection
	GlobalSection(SolutionProperties) = preSolution
		HideSolutionNode = FALSE
	EndGlobalSection
	GlobalSection(ExtensibilityGlobals) = postSolution
		SolutionGuid = {68074521-F10F-4C28-8329-5B7A50BC33CA}
	EndGlobalSection
EndGlobal
