Microsoft Visual Studio Solution File, Format Version 12.00
# Visual Studio Version 17
VisualStudioVersion = 17.5.2.0
MinimumVisualStudioVersion = 10.0.40219.1
Project("{FAE04EC0-301F-11D3-BF4B-00C04F79EFBC}") = "OnlineAuctionAPI", "OnlineAuctionAPI.csproj", "{E66DDF06-16DB-FBAE-09C6-88D729A7D3F5}"
EndProject
Global
	GlobalSection(SolutionConfigurationPlatforms) = preSolution
		Debug|Any CPU = Debug|Any CPU
		Release|Any CPU = Release|Any CPU
	EndGlobalSection
	GlobalSection(ProjectConfigurationPlatforms) = postSolution
		{E66DDF06-16DB-FBAE-09C6-88D729A7D3F5}.Debug|Any CPU.ActiveCfg = Debug|Any CPU
		{E66DDF06-16DB-FBAE-09C6-88D729A7D3F5}.Debug|Any CPU.Build.0 = Debug|Any CPU
		{E66DDF06-16DB-FBAE-09C6-88D729A7D3F5}.Release|Any CPU.ActiveCfg = Release|Any CPU
		{E66DDF06-16DB-FBAE-09C6-88D729A7D3F5}.Release|Any CPU.Build.0 = Release|Any CPU
	EndGlobalSection
	GlobalSection(SolutionProperties) = preSolution
		HideSolutionNode = FALSE
	EndGlobalSection
	GlobalSection(ExtensibilityGlobals) = postSolution
		SolutionGuid = {D1288FD9-2E9F-4EC8-A1EC-54A24C3A34D5}
	EndGlobalSection
EndGlobal
