Microsoft Visual Studio Solution File, Format Version 12.00
# Visual Studio Version 17
VisualStudioVersion = 17.5.2.0
MinimumVisualStudioVersion = 10.0.40219.1
Project("{FAE04EC0-301F-11D3-BF4B-00C04F79EFBC}") = "FirstAPI.Test", "FirstAPI.Test.csproj", "{B80EDF39-5C09-BF48-2799-99EDF767FFB2}"
EndProject
Global
	GlobalSection(SolutionConfigurationPlatforms) = preSolution
		Debug|Any CPU = Debug|Any CPU
		Release|Any CPU = Release|Any CPU
	EndGlobalSection
	GlobalSection(ProjectConfigurationPlatforms) = postSolution
		{B80EDF39-5C09-BF48-2799-99EDF767FFB2}.Debug|Any CPU.ActiveCfg = Debug|Any CPU
		{B80EDF39-5C09-BF48-2799-99EDF767FFB2}.Debug|Any CPU.Build.0 = Debug|Any CPU
		{B80EDF39-5C09-BF48-2799-99EDF767FFB2}.Release|Any CPU.ActiveCfg = Release|Any CPU
		{B80EDF39-5C09-BF48-2799-99EDF767FFB2}.Release|Any CPU.Build.0 = Release|Any CPU
	EndGlobalSection
	GlobalSection(SolutionProperties) = preSolution
		HideSolutionNode = FALSE
	EndGlobalSection
	GlobalSection(ExtensibilityGlobals) = postSolution
		SolutionGuid = {0CBDAE22-B21C-4ED8-9DCC-E198783A8A03}
	EndGlobalSection
EndGlobal
